{
  "nodes": {
    "nixpkgs": {
      "locked": {
        "lastModified": 1764522689,
        "narHash": "sha256-SqUuBFjhl/kpDiVaKLQBoD8TLD+/cTUzzgVFoaHrkqY=",
        "owner": "nixos",
        "repo": "nixpkgs",
        "rev": "8bb5646e0bed5dbd3ab08c7a7cc15b75ab4e1d0f",
        "type": "github"
      },
      "original": {
        "owner": "nixos",
        "ref": "nixos-25.11",
        "repo": "nixpkgs",
        "type": "github"
      }
    },
    "nixpkgs-unstable": {
      "locked": {
        "lastModified": 1763966396,
        "narHash": "sha256-6eeL1YPcY1MV3DDStIDIdy/zZCDKgHdkCmsrLJFiZf0=",
        "owner": "nixos",
        "repo": "nixpkgs",
        "rev": "5ae3b07d8d6527c42f17c876e404993199144b6a",
        "type": "github"
      },
      "original": {
        "owner": "nixos",
        "ref": "nixos-unstable",
        "repo": "nixpkgs",
        "type": "github"
      }
    },
    "root": {
      "inputs": {
        "nixpkgs": "nixpkgs",
        "nixpkgs-unstable": "nixpkgs-unstable"
      }
    }
  },
  "root": "root",
  "version": 7
}
